
Microsoft Visual Studio Solution File, Format Version 12.00
# Visual Studio Version 16
VisualStudioVersion = 16.0.35229.62
MinimumVisualStudioVersion = 10.0.40219.1
Project("{8BC9CEB8-8B4A-11D0-8D11-00A0C91BC942}") = "VectorAddition", "VectorAddition\VectorAddition.vcxproj", "{89D88E91-3521-4500-9F58-C47A2AB1D87D}"
EndProject
Global
	GlobalSection(SolutionConfigurationPlatforms) = preSolution
		Debug|x64 = Debug|x64
		Release|x64 = Release|x64
	EndGlobalSection
	GlobalSection(ProjectConfigurationPlatforms) = postSolution
		{89D88E91-3521-4500-9F58-C47A2AB1D87D}.Debug|x64.ActiveCfg = Debug|x64
		{89D88E91-3521-4500-9F58-C47A2AB1D87D}.Debug|x64.Build.0 = Debug|x64
		{89D88E91-3521-4500-9F58-C47A2AB1D87D}.Release|x64.ActiveCfg = Release|x64
		{89D88E91-3521-4500-9F58-C47A2AB1D87D}.Release|x64.Build.0 = Release|x64
	EndGlobalSection
	GlobalSection(SolutionProperties) = preSolution
		HideSolutionNode = FALSE
	EndGlobalSection
	GlobalSection(ExtensibilityGlobals) = postSolution
		SolutionGuid = {68985F0B-AB42-44A3-B0D2-733DD95FB8CC}
	EndGlobalSection
EndGlobal
